github.com/hybridgroup/mjpeg v0.0.0-20140228234708-4680f319790e/go.mod h1:eagM805MRKrioHYuU7iKLUyFPVKqVV6um5DAvCkUtXs=
github.com/mattn/go-mjpeg v0.0.3 h1:0G/+KddrbI5Hnq83B11O1O4vP7Q6L9MsBu6aW71jhUM=
github.com/mattn/go-mjpeg v0.0.3/go.mod h1:65z7Cj+u5y5K3B8Sy5NtrJFTWAhguGHs9FEkADdx6kE=
github.com/namsral/flag v1.7.4-pre h1:b2ScHhoCUkbsq0d2C15Mv+VU8bl8hAXV8arnWiOHNZs=
github.com/namsral/flag v1.7.4-pre/go.mod h1:OXldTctbM6SWH1K899kPZcf65KxJiD7MsceFUpB5yDo=
github.com/pascaldekloe/goe v0.1.0/go.mod h1:lzWF7FIEvWOWxwDKqyGYQf6ZUaNfKdP144TG7ZOy1lc=
gocv.io/x/gocv v0.28.0 h1:hweRS9Js60YEZPZzjhU5I+0E2ngazquLlO78zwnrFvY=
gocv.io/x/gocv v0.28.0/go.mod h1:oc6FvfYqfBp99p+yOEzs9tbYF9gOrAQSeL/dyIPefJU=
